
Microsoft Visual Studio Solution File, Format Version 12.00
# Visual Studio Version 16
VisualStudioVersion = 16.0.29509.3
MinimumVisualStudioVersion = 10.0.40219.1
Project("{FAE04EC0-301F-11D3-BF4B-00C04F79EFBC}") = "PongProject", "PongProject\PongProject.csproj", "{4AE13410-4EF1-453F-8077-72A33F3DD245}"
EndProject
Global
	GlobalSection(SolutionConfigurationPlatforms) = preSolution
		Debug|Any CPU = Debug|Any CPU
		Release|Any CPU = Release|Any CPU
	EndGlobalSection
	GlobalSection(ProjectConfigurationPlatforms) = postSolution
		{4AE13410-4EF1-453F-8077-72A33F3DD245}.Debug|Any CPU.ActiveCfg = Debug|Any CPU
		{4AE13410-4EF1-453F-8077-72A33F3DD245}.Debug|Any CPU.Build.0 = Debug|Any CPU
		{4AE13410-4EF1-453F-8077-72A33F3DD245}.Release|Any CPU.ActiveCfg = Release|Any CPU
		{4AE13410-4EF1-453F-8077-72A33F3DD245}.Release|Any CPU.Build.0 = Release|Any CPU
	EndGlobalSection
	GlobalSection(SolutionProperties) = preSolution
		HideSolutionNode = FALSE
	EndGlobalSection
	GlobalSection(ExtensibilityGlobals) = postSolution
		SolutionGuid = {08061764-618D-48B6-A90D-36343CA5158B}
	EndGlobalSection
EndGlobal
